
Microsoft Visual Studio Solution File, Format Version 12.00
# Visual Studio Version 16
VisualStudioVersion = 16.0.30204.135
MinimumVisualStudioVersion = 10.0.40219.1
Project("{9A19103F-16F7-4668-BE54-9A1E7A4F7556}") = "RedisAutoComplete.ConsoleClient", "RedisAutoComplete.ConsoleClient\RedisAutoComplete.ConsoleClient.csproj", "{091F09A0-6878-48F4-8C07-B3944BB478A3}"
EndProject
Project("{9A19103F-16F7-4668-BE54-9A1E7A4F7556}") = "RedisAutoComplete.IntegrationTests", "RedisAutoComplete.IntegrationTests\RedisAutoComplete.IntegrationTests.csproj", "{3108D703-732B-478D-90EF-43E613C8AD3F}"
EndProject
Global
	GlobalSection(SolutionConfigurationPlatforms) = preSolution
		Debug|Any CPU = Debug|Any CPU
		Release|Any CPU = Release|Any CPU
	EndGlobalSection
	GlobalSection(ProjectConfigurationPlatforms) = postSolution
		{091F09A0-6878-48F4-8C07-B3944BB478A3}.Debug|Any CPU.ActiveCfg = Debug|Any CPU
		{091F09A0-6878-48F4-8C07-B3944BB478A3}.Debug|Any CPU.Build.0 = Debug|Any CPU
		{091F09A0-6878-48F4-8C07-B3944BB478A3}.Release|Any CPU.ActiveCfg = Release|Any CPU
		{091F09A0-6878-48F4-8C07-B3944BB478A3}.Release|Any CPU.Build.0 = Release|Any CPU
		{3108D703-732B-478D-90EF-43E613C8AD3F}.Debug|Any CPU.ActiveCfg = Debug|Any CPU
		{3108D703-732B-478D-90EF-43E613C8AD3F}.Debug|Any CPU.Build.0 = Debug|Any CPU
		{3108D703-732B-478D-90EF-43E613C8AD3F}.Release|Any CPU.ActiveCfg = Release|Any CPU
		{3108D703-732B-478D-90EF-43E613C8AD3F}.Release|Any CPU.Build.0 = Release|Any CPU
	EndGlobalSection
	GlobalSection(SolutionProperties) = preSolution
		HideSolutionNode = FALSE
	EndGlobalSection
	GlobalSection(ExtensibilityGlobals) = postSolution
		SolutionGuid = {6D0D6493-2F36-4053-8485-7C2383C9CA91}
	EndGlobalSection
EndGlobal
